# This file is automatically @generated by Cargo.
# It is not intended for manual editing.
version = 3

[[package]]
name = "cc"
version = "1.0.74"
source = "registry+https://github.com/rust-lang/crates.io-index"
checksum = "581f5dba903aac52ea3feb5ec4810848460ee833876f1f9b0fdeab1f19091574"

[[package]]
name = "ground_station"
version = "0.1.0"
dependencies = [
 "rusb",
]

[[package]]
name = "libc"
version = "0.2.137"
source = "registry+https://github.com/rust-lang/crates.io-index"
checksum = "fc7fcc620a3bff7cdd7a365be3376c97191aeaccc2a603e600951e452615bf89"

[[package]]
name = "libusb1-sys"
version = "0.6.4"
source = "registry+https://github.com/rust-lang/crates.io-index"
checksum = "f9d0e2afce4245f2c9a418511e5af8718bcaf2fa408aefb259504d1a9cb25f27"
dependencies = [
 "cc",
 "libc",
 "pkg-config",
 "vcpkg",
]

[[package]]
name = "pkg-config"
version = "0.3.26"
source = "registry+https://github.com/rust-lang/crates.io-index"
checksum = "6ac9a59f73473f1b8d852421e59e64809f025994837ef743615c6d0c5b305160"

[[package]]
name = "rusb"
version = "0.9.1"
source = "registry+https://github.com/rust-lang/crates.io-index"
checksum = "703aa035c21c589b34fb5136b12e68fc8dcf7ea46486861381361dd8ebf5cee0"
dependencies = [
 "libc",
 "libusb1-sys",
]

[[package]]
name = "vcpkg"
version = "0.2.15"
source = "registry+https://github.com/rust-lang/crates.io-index"
checksum = "accd4ea62f7bb7a82fe23066fb0957d48ef677f6eeb8215f372f52e48bb32426"
